
Microsoft Visual Studio Solution File, Format Version 12.00
# Visual Studio Version 17
VisualStudioVersion = 17.9.34714.143
MinimumVisualStudioVersion = 10.0.40219.1
Project("{FAE04EC0-301F-11D3-BF4B-00C04F79EFBC}") = "ConsoleApp1", "ConsoleApp1\ConsoleApp1.csproj", "{06E2D768-AFD1-4521-81CD-E704E1B21892}"
EndProject
Global
	GlobalSection(SolutionConfigurationPlatforms) = preSolution
		Debug|Any CPU = Debug|Any CPU
		Release|Any CPU = Release|Any CPU
	EndGlobalSection
	GlobalSection(ProjectConfigurationPlatforms) = postSolution
		{06E2D768-AFD1-4521-81CD-E704E1B21892}.Debug|Any CPU.ActiveCfg = Debug|Any CPU
		{06E2D768-AFD1-4521-81CD-E704E1B21892}.Debug|Any CPU.Build.0 = Debug|Any CPU
		{06E2D768-AFD1-4521-81CD-E704E1B21892}.Release|Any CPU.ActiveCfg = Release|Any CPU
		{06E2D768-AFD1-4521-81CD-E704E1B21892}.Release|Any CPU.Build.0 = Release|Any CPU
	EndGlobalSection
	GlobalSection(SolutionProperties) = preSolution
		HideSolutionNode = FALSE
	EndGlobalSection
	GlobalSection(ExtensibilityGlobals) = postSolution
		SolutionGuid = {17BB4008-7AA4-4A1B-AC62-E79F5A89A284}
	EndGlobalSection
EndGlobal
